<Solution>
  <Folder Name="/ソリューション項目/">
    <File Path="ReadMe.md" />
  </Folder>
  <Project Path="SimpeIpaToKanaSharp.Test/SimpeIpaToKanaSharp.Test.csproj" />
  <Project Path="SimpleIpaToKanaSharp/SimpleIpaToKanaSharp.csproj" />
  <Project Path="SimpleIpaToKanaSharpCli/SimpleIpaToKanaSharpCli.csproj" />
</Solution>
